
Microsoft Visual Studio Solution File, Format Version 12.00
# Visual Studio 15
VisualStudioVersion = 15.0.26730.12
MinimumVisualStudioVersion = 10.0.40219.1
Project("{FAE04EC0-301F-11D3-BF4B-00C04F79EFBC}") = "DataBaseAccessTest", "DataBaseAccessTest\DataBaseAccessTest.csproj", "{3AA02AEA-1C10-4367-94D9-92D52C2EF6FD}"
EndProject
Global
	GlobalSection(SolutionConfigurationPlatforms) = preSolution
		Debug|Any CPU = Debug|Any CPU
		Release|Any CPU = Release|Any CPU
	EndGlobalSection
	GlobalSection(ProjectConfigurationPlatforms) = postSolution
		{3AA02AEA-1C10-4367-94D9-92D52C2EF6FD}.Debug|Any CPU.ActiveCfg = Debug|Any CPU
		{3AA02AEA-1C10-4367-94D9-92D52C2EF6FD}.Debug|Any CPU.Build.0 = Debug|Any CPU
		{3AA02AEA-1C10-4367-94D9-92D52C2EF6FD}.Release|Any CPU.ActiveCfg = Release|Any CPU
		{3AA02AEA-1C10-4367-94D9-92D52C2EF6FD}.Release|Any CPU.Build.0 = Release|Any CPU
	EndGlobalSection
	GlobalSection(SolutionProperties) = preSolution
		HideSolutionNode = FALSE
	EndGlobalSection
	GlobalSection(ExtensibilityGlobals) = postSolution
		SolutionGuid = {57572751-2A83-4AD3-9391-07CF2CAD640E}
	EndGlobalSection
EndGlobal
