
Microsoft Visual Studio Solution File, Format Version 12.00
# Visual Studio 15
VisualStudioVersion = 15.0.27004.2005
MinimumVisualStudioVersion = 10.0.40219.1
Project("{FAE04EC0-301F-11D3-BF4B-00C04F79EFBC}") = "DataBaseAccess", "DataBaseAccess\DataBaseAccess.csproj", "{7B15922D-8BB2-45ED-AAD1-8F737712D685}"
EndProject
Project("{FAE04EC0-301F-11D3-BF4B-00C04F79EFBC}") = "Entities", "Entities\Entities.csproj", "{C38D1308-B69B-4A51-A450-CFDA1A8B7318}"
EndProject
Global
	GlobalSection(SolutionConfigurationPlatforms) = preSolution
		Debug|Any CPU = Debug|Any CPU
		Release|Any CPU = Release|Any CPU
	EndGlobalSection
	GlobalSection(ProjectConfigurationPlatforms) = postSolution
		{7B15922D-8BB2-45ED-AAD1-8F737712D685}.Debug|Any CPU.ActiveCfg = Debug|Any CPU
		{7B15922D-8BB2-45ED-AAD1-8F737712D685}.Debug|Any CPU.Build.0 = Debug|Any CPU
		{7B15922D-8BB2-45ED-AAD1-8F737712D685}.Release|Any CPU.ActiveCfg = Release|Any CPU
		{7B15922D-8BB2-45ED-AAD1-8F737712D685}.Release|Any CPU.Build.0 = Release|Any CPU
		{C38D1308-B69B-4A51-A450-CFDA1A8B7318}.Debug|Any CPU.ActiveCfg = Debug|Any CPU
		{C38D1308-B69B-4A51-A450-CFDA1A8B7318}.Debug|Any CPU.Build.0 = Debug|Any CPU
		{C38D1308-B69B-4A51-A450-CFDA1A8B7318}.Release|Any CPU.ActiveCfg = Release|Any CPU
		{C38D1308-B69B-4A51-A450-CFDA1A8B7318}.Release|Any CPU.Build.0 = Release|Any CPU
	EndGlobalSection
	GlobalSection(SolutionProperties) = preSolution
		HideSolutionNode = FALSE
	EndGlobalSection
	GlobalSection(ExtensibilityGlobals) = postSolution
		SolutionGuid = {48929FEB-78A8-4300-9EDD-5A439B7DC03B}
	EndGlobalSection
EndGlobal
